// !$*UTF8*$!
{
	archiveVersion = 1;
	classes = {
	};
	objectVersion = 55;
	objects = {

/* Begin PBXBuildFile section */
		CC269527280E4A2200385EF6 /* QuizBrain.swift in Sources */ = {isa = PBXBuildFile; fileRef = CC269526280E4A2200385EF6 /* QuizBrain.swift */; };
		CC88864D280F94F50087B058 /* Question.swift in Sources */ = {isa = PBXBuildFile; fileRef = CC88864C280F94F50087B058 /* Question.swift */; };
		CC9B121F280F76350016FE4E /* AppDelegate.swift in Sources */ = {isa = PBXBuildFile; fileRef = CC9B121E280F76350016FE4E /* AppDelegate.swift */; };
		CC9B1221280F76350016FE4E /* SceneDelegate.swift in Sources */ = {isa = PBXBuildFile; fileRef = CC9B1220280F76350016FE4E /* SceneDelegate.swift */; };
		CC9B1223280F76350016FE4E /* ViewController.swift in Sources */ = {isa = PBXBuildFile; fileRef = CC9B1222280F76350016FE4E /* ViewController.swift */; };
		CC9B1226280F76350016FE4E /* Main.storyboard in Resources */ = {isa = PBXBuildFile; fileRef = CC9B1224280F76350016FE4E /* Main.storyboard */; };
		CC9B1228280F76360016FE4E /* Assets.xcassets in Resources */ = {isa = PBXBuildFile; fileRef = CC9B1227280F76360016FE4E /* Assets.xcassets */; };
		CC9B122B280F76360016FE4E /* LaunchScreen.storyboard in Resources */ = {isa = PBXBuildFile; fileRef = CC9B1229280F76360016FE4E /* LaunchScreen.storyboard */; };
/* End PBXBuildFile section */

/* Begin PBXFileReference section */
		CC269526280E4A2200385EF6 /* QuizBrain.swift */ = {isa = PBXFileReference; lastKnownFileType = sourcecode.swift; path = QuizBrain.swift; sourceTree = "<group>"; };
		CC88864C280F94F50087B058 /* Question.swift */ = {isa = PBXFileReference; lastKnownFileType = sourcecode.swift; path = Question.swift; sourceTree = "<group>"; };
		CC9B121B280F76350016FE4E /* QuizzlerMC.app */ = {isa = PBXFileReference; explicitFileType = wrapper.application; includeInIndex = 0; path = QuizzlerMC.app; sourceTree = BUILT_PRODUCTS_DIR; };
		CC9B121E280F76350016FE4E /* AppDelegate.swift */ = {isa = PBXFileReference; lastKnownFileType = sourcecode.swift; path = AppDelegate.swift; sourceTree = "<group>"; };
		CC9B1220280F76350016FE4E /* SceneDelegate.swift */ = {isa = PBXFileReference; lastKnownFileType = sourcecode.swift; path = SceneDelegate.swift; sourceTree = "<group>"; };
		CC9B1222280F76350016FE4E /* ViewController.swift */ = {isa = PBXFileReference; lastKnownFileType = sourcecode.swift; path = ViewController.swift; sourceTree = "<group>"; };
		CC9B1225280F76350016FE4E /* Base */ = {isa = PBXFileReference; lastKnownFileType = file.storyboard; name = Base; path = Base.lproj/Main.storyboard; sourceTree = "<group>"; };
		CC9B1227280F76360016FE4E /* Assets.xcassets */ = {isa = PBXFileReference; lastKnownFileType = folder.assetcatalog; path = Assets.xcassets; sourceTree = "<group>"; };
		CC9B122A280F76360016FE4E /* Base */ = {isa = PBXFileReference; lastKnownFileType = file.storyboard; name = Base; path = Base.lproj/LaunchScreen.storyboard; sourceTree = "<group>"; };
		CC9B122C280F76360016FE4E /* Info.plist */ = {isa = PBXFileReference; lastKnownFileType = text.plist.xml; path = Info.plist; sourceTree = "<group>"; };
/* End PBXFileReference section */

/* Begin PBXFrameworksBuildPhase section */
		CC9B1218280F76350016FE4E /* Frameworks */ = {
			isa = PBXFrameworksBuildPhase;
			buildActionMask = 2147483647;
			files = (
			);
			runOnlyForDeploymentPostprocessing = 0;
		};
/* End PBXFrameworksBuildPhase section */

/* Begin PBXGroup section */
		CC269524280E49E700385EF6 /* View */ = {
			isa = PBXGroup;
			children = (
				CC9B1224280F76350016FE4E /* Main.storyboard */,
			);
			path = View;
			sourceTree = "<group>";
		};
		CC269525280E49EE00385EF6 /* Controller */ = {
			isa = PBXGroup;
			children = (
				CC9B1222280F76350016FE4E /* ViewController.swift */,
			);
			path = Controller;
			sourceTree = "<group>";
		};
		CC88864E280F94F50087B058 /* Model */ = {
			isa = PBXGroup;
			children = (
				CC88864C280F94F50087B058 /* Question.swift */,
				CC269526280E4A2200385EF6 /* QuizBrain.swift */,
			);
			path = Model;
			sourceTree = "<group>";
		};
		CC9B1212280F76350016FE4E = {
			isa = PBXGroup;
			children = (
				CC9B121D280F76350016FE4E /* QuizzlerMC */,
				CC9B121C280F76350016FE4E /* Products */,
			);
			sourceTree = "<group>";
		};
		CC9B121C280F76350016FE4E /* Products */ = {
			isa = PBXGroup;
			children = (
				CC9B121B280F76350016FE4E /* QuizzlerMC.app */,
			);
			name = Products;
			sourceTree = "<group>";
		};
		CC9B121D280F76350016FE4E /* QuizzlerMC */ = {
			isa = PBXGroup;
			children = (
				CC9B121E280F76350016FE4E /* AppDelegate.swift */,
				CC9B1220280F76350016FE4E /* SceneDelegate.swift */,
				CC88864E280F94F50087B058 /* Model */,
				CC269524280E49E700385EF6 /* View */,
				CC269525280E49EE00385EF6 /* Controller */,
				CC9B1227280F76360016FE4E /* Assets.xcassets */,
				CC9B1229280F76360016FE4E /* LaunchScreen.storyboard */,
				CC9B122C280F76360016FE4E /* Info.plist */,
			);
			path = QuizzlerMC;
			sourceTree = "<group>";
		};
/* End PBXGroup section */

/* Begin PBXNativeTarget section */
		CC9B121A280F76350016FE4E /* QuizzlerMC */ = {
			isa = PBXNativeTarget;
			buildConfigurationList = CC9B122F280F76360016FE4E /* Build configuration list for PBXNativeTarget "QuizzlerMC" */;
			buildPhases = (
				CC9B1217280F76350016FE4E /* Sources */,
				CC9B1218280F76350016FE4E /* Frameworks */,
				CC9B1219280F76350016FE4E /* Resources */,
			);
			buildRules = (
			);
			dependencies = (
			);
			name = QuizzlerMC;
			productName = Quizzler;
			productReference = CC9B121B280F76350016FE4E /* QuizzlerMC.app */;
			productType = "com.apple.product-type.application";
		};
/* End PBXNativeTarget section */

/* Begin PBXProject section */
		CC9B1213280F76350016FE4E /* Project object */ = {
			isa = PBXProject;
			attributes = {
				BuildIndependentTargetsInParallel = 1;
				LastSwiftUpdateCheck = 1320;
				LastUpgradeCheck = 1320;
				TargetAttributes = {
					CC9B121A280F76350016FE4E = {
						CreatedOnToolsVersion = 13.2.1;
					};
				};
			};
			buildConfigurationList = CC9B1216280F76350016FE4E /* Build configuration list for PBXProject "QuizzlerMC" */;
			compatibilityVersion = "Xcode 13.0";
			developmentRegion = en;
			hasScannedForEncodings = 0;
			knownRegions = (
				en,
				Base,
			);
			mainGroup = CC9B1212280F76350016FE4E;
			productRefGroup = CC9B121C280F76350016FE4E /* Products */;
			projectDirPath = "";
			projectRoot = "";
			targets = (
				CC9B121A280F76350016FE4E /* QuizzlerMC */,
			);
		};
/* End PBXProject section */

/* Begin PBXResourcesBuildPhase section */
		CC9B1219280F76350016FE4E /* Resources */ = {
			isa = PBXResourcesBuildPhase;
			buildActionMask = 2147483647;
			files = (
				CC9B122B280F76360016FE4E /* LaunchScreen.storyboard in Resources */,
				CC9B1228280F76360016FE4E /* Assets.xcassets in Resources */,
				CC9B1226280F76350016FE4E /* Main.storyboard in Resources */,
			);
			runOnlyForDeploymentPostprocessing = 0;
		};
/* End PBXResourcesBuildPhase section */

/* Begin PBXSourcesBuildPhase section */
		CC9B1217280F76350016FE4E /* Sources */ = {
			isa = PBXSourcesBuildPhase;
			buildActionMask = 2147483647;
			files = (
				CC269527280E4A2200385EF6 /* QuizBrain.swift in Sources */,
				CC9B1223280F76350016FE4E /* ViewController.swift in Sources */,
				CC88864D280F94F50087B058 /* Question.swift in Sources */,
				CC9B121F280F76350016FE4E /* AppDelegate.swift in Sources */,
				CC9B1221280F76350016FE4E /* SceneDelegate.swift in Sources */,
			);
			runOnlyForDeploymentPostprocessing = 0;
		};
/* End PBXSourcesBuildPhase section */

/* Begin PBXVariantGroup section */
		CC9B1224280F76350016FE4E /* Main.storyboard */ = {
			isa = PBXVariantGroup;
			children = (
				CC9B1225280F76350016FE4E /* Base */,
			);
			name = Main.storyboard;
			sourceTree = "<group>";
		};
		CC9B1229280F76360016FE4E /* LaunchScreen.storyboard */ = {
			isa = PBXVariantGroup;
			children = (
				CC9B122A280F76360016FE4E /* Base */,
			);
			name = LaunchScreen.storyboard;
			sourceTree = "<group>";
		};
/* End PBXVariantGroup section */

/* Begin XCBuildConfiguration section */
		CC9B122D280F76360016FE4E /* Debug */ = {
			isa = XCBuildConfiguration;
			buildSettings = {
				ALWAYS_SEARCH_USER_PATHS = NO;
				CLANG_ANALYZER_NONNULL = YES;
				CLANG_ANALYZER_NUMBER_OBJECT_CONVERSION = YES_AGGRESSIVE;
				CLANG_CXX_LANGUAGE_STANDARD = "gnu++17";
				CLANG_CXX_LIBRARY = "libc++";
				CLANG_ENABLE_MODULES = YES;
				CLANG_ENABLE_OBJC_ARC = YES;
				CLANG_ENABLE_OBJC_WEAK = YES;
				CLANG_WARN_BLOCK_CAPTURE_AUTORELEASING = YES;
				CLANG_WARN_BOOL_CONVERSION = YES;
				CLANG_WARN_COMMA = YES;
				CLANG_WARN_CONSTANT_CONVERSION = YES;
				CLANG_WARN_DEPRECATED_OBJC_IMPLEMENTATIONS = YES;
				CLANG_WARN_DIRECT_OBJC_ISA_USAGE = YES_ERROR;
				CLANG_WARN_DOCUMENTATION_COMMENTS = YES;
				CLANG_WARN_EMPTY_BODY = YES;
				CLANG_WARN_ENUM_CONVERSION = YES;
				CLANG_WARN_INFINITE_RECURSION = YES;
				CLANG_WARN_INT_CONVERSION = YES;
				CLANG_WARN_NON_LITERAL_NULL_CONVERSION = YES;
				CLANG_WARN_OBJC_IMPLICIT_RETAIN_SELF = YES;
				CLANG_WARN_OBJC_LITERAL_CONVERSION = YES;
				CLANG_WARN_OBJC_ROOT_CLASS = YES_ERROR;
				CLANG_WARN_QUOTED_INCLUDE_IN_FRAMEWORK_HEADER = YES;
				CLANG_WARN_RANGE_LOOP_ANALYSIS = YES;
				CLANG_WARN_STRICT_PROTOTYPES = YES;
				CLANG_WARN_SUSPICIOUS_MOVE = YES;
				CLANG_WARN_UNGUARDED_AVAILABILITY = YES_AGGRESSIVE;
				CLANG_WARN_UNREACHABLE_CODE = YES;
				CLANG_WARN__DUPLICATE_METHOD_MATCH = YES;
				COPY_PHASE_STRIP = NO;
				DEBUG_INFORMATION_FORMAT = dwarf;
				ENABLE_STRICT_OBJC_MSGSEND = YES;
				ENABLE_TESTABILITY = YES;
				GCC_C_LANGUAGE_STANDARD = gnu11;
				GCC_DYNAMIC_NO_PIC = NO;
				GCC_NO_COMMON_BLOCKS = YES;
				GCC_OPTIMIZATION_LEVEL = 0;
				GCC_PREPROCESSOR_DEFINITIONS = (
					"DEBUG=1",
					"$(inherited)",
				);
				GCC_WARN_64_TO_32_BIT_CONVERSION = YES;
				GCC_WARN_ABOUT_RETURN_TYPE = YES_ERROR;
				GCC_WARN_UNDECLARED_SELECTOR = YES;
				GCC_WARN_UNINITIALIZED_AUTOS = YES_AGGRESSIVE;
				GCC_WARN_UNUSED_FUNCTION = YES;
				GCC_WARN_UNUSED_VARIABLE = YES;
				IPHONEOS_DEPLOYMENT_TARGET = 15.2;
				MTL_ENABLE_DEBUG_INFO = INCLUDE_SOURCE;
				MTL_FAST_MATH = YES;
				ONLY_ACTIVE_ARCH = YES;
				SDKROOT = iphoneos;
				SWIFT_ACTIVE_COMPILATION_CONDITIONS = DEBUG;
				SWIFT_OPTIMIZATION_LEVEL = "-Onone";
			};
			name = Debug;
		};
		CC9B122E280F76360016FE4E /* Release */ = {
			isa = XCBuildConfiguration;
			buildSettings = {
				ALWAYS_SEARCH_USER_PATHS = NO;
				CLANG_ANALYZER_NONNULL = YES;
				CLANG_ANALYZER_NUMBER_OBJECT_CONVERSION = YES_AGGRESSIVE;
				CLANG_CXX_LANGUAGE_STANDARD = "gnu++17";
				CLANG_CXX_LIBRARY = "libc++";
				CLANG_ENABLE_MODULES = YES;
				CLANG_ENABLE_OBJC_ARC = YES;
				CLANG_ENABLE_OBJC_WEAK = YES;
				CLANG_WARN_BLOCK_CAPTURE_AUTORELEASING = YES;
				CLANG_WARN_BOOL_CONVERSION = YES;
				CLANG_WARN_COMMA = YES;
				CLANG_WARN_CONSTANT_CONVERSION = YES;
				CLANG_WARN_DEPRECATED_OBJC_IMPLEMENTATIONS = YES;
				CLANG_WARN_DIRECT_OBJC_ISA_USAGE = YES_ERROR;
				CLANG_WARN_DOCUMENTATION_COMMENTS = YES;
				CLANG_WARN_EMPTY_BODY = YES;
				CLANG_WARN_ENUM_CONVERSION = YES;
				CLANG_WARN_INFINITE_RECURSION = YES;
				CLANG_WARN_INT_CONVERSION = YES;
				CLANG_WARN_NON_LITERAL_NULL_CONVERSION = YES;
				CLANG_WARN_OBJC_IMPLICIT_RETAIN_SELF = YES;
				CLANG_WARN_OBJC_LITERAL_CONVERSION = YES;
				CLANG_WARN_OBJC_ROOT_CLASS = YES_ERROR;
				CLANG_WARN_QUOTED_INCLUDE_IN_FRAMEWORK_HEADER = YES;
				CLANG_WARN_RANGE_LOOP_ANALYSIS = YES;
				CLANG_WARN_STRICT_PROTOTYPES = YES;
				CLANG_WARN_SUSPICIOUS_MOVE = YES;
				CLANG_WARN_UNGUARDED_AVAILABILITY = YES_AGGRESSIVE;
				CLANG_WARN_UNREACHABLE_CODE = YES;
				CLANG_WARN__DUPLICATE_METHOD_MATCH = YES;
				COPY_PHASE_STRIP = NO;
				DEBUG_INFORMATION_FORMAT = "dwarf-with-dsym";
				ENABLE_NS_ASSERTIONS = NO;
				ENABLE_STRICT_OBJC_MSGSEND = YES;
				GCC_C_LANGUAGE_STANDARD = gnu11;
				GCC_NO_COMMON_BLOCKS = YES;
				GCC_WARN_64_TO_32_BIT_CONVERSION = YES;
				GCC_WARN_ABOUT_RETURN_TYPE = YES_ERROR;
				GCC_WARN_UNDECLARED_SELECTOR = YES;
				GCC_WARN_UNINITIALIZED_AUTOS = YES_AGGRESSIVE;
				GCC_WARN_UNUSED_FUNCTION = YES;
				GCC_WARN_UNUSED_VARIABLE = YES;
				IPHONEOS_DEPLOYMENT_TARGET = 15.2;
				MTL_ENABLE_DEBUG_INFO = NO;
				MTL_FAST_MATH = YES;
				SDKROOT = iphoneos;
				SWIFT_COMPILATION_MODE = wholemodule;
				SWIFT_OPTIMIZATION_LEVEL = "-O";
				VALIDATE_PRODUCT = YES;
			};
			name = Release;
		};
		CC9B1230280F76360016FE4E /* Debug */ = {
			isa = XCBuildConfiguration;
			buildSettings = {
				ASSETCATALOG_COMPILER_APPICON_NAME = AppIcon;
				ASSETCATALOG_COMPILER_GLOBAL_ACCENT_COLOR_NAME = AccentColor;
				CODE_SIGN_STYLE = Automatic;
				CURRENT_PROJECT_VERSION = 1;
				DEVELOPMENT_TEAM = P3RTATVHK4;
				GENERATE_INFOPLIST_FILE = YES;
				INFOPLIST_FILE = QuizzlerMC/Info.plist;
				INFOPLIST_KEY_UIApplicationSupportsIndirectInputEvents = YES;
				INFOPLIST_KEY_UILaunchStoryboardName = LaunchScreen;
				INFOPLIST_KEY_UIMainStoryboardFile = Main;
				INFOPLIST_KEY_UISupportedInterfaceOrientations_iPad = "UIInterfaceOrientationPortrait UIInterfaceOrientationPortraitUpsideDown UIInterfaceOrientationLandscapeLeft UIInterfaceOrientationLandscapeRight";
				INFOPLIST_KEY_UISupportedInterfaceOrientations_iPhone = "UIInterfaceOrientationPortrait UIInterfaceOrientationLandscapeLeft UIInterfaceOrientationLandscapeRight";
				LD_RUNPATH_SEARCH_PATHS = (
					"$(inherited)",
					"@executable_path/Frameworks",
				);
				MARKETING_VERSION = 1.0;
				PRODUCT_BUNDLE_IDENTIFIER = com.julienshim.QuizzlerMC;
				PRODUCT_NAME = "$(TARGET_NAME)";
				SWIFT_EMIT_LOC_STRINGS = YES;
				SWIFT_VERSION = 5.0;
				TARGETED_DEVICE_FAMILY = "1,2";
			};
			name = Debug;
		};
		CC9B1231280F76360016FE4E /* Release */ = {
			isa = XCBuildConfiguration;
			buildSettings = {
				ASSETCATALOG_COMPILER_APPICON_NAME = AppIcon;
				ASSETCATALOG_COMPILER_GLOBAL_ACCENT_COLOR_NAME = AccentColor;
				CODE_SIGN_STYLE = Automatic;
				CURRENT_PROJECT_VERSION = 1;
				DEVELOPMENT_TEAM = P3RTATVHK4;
				GENERATE_INFOPLIST_FILE = YES;
				INFOPLIST_FILE = QuizzlerMC/Info.plist;
				INFOPLIST_KEY_UIApplicationSupportsIndirectInputEvents = YES;
				INFOPLIST_KEY_UILaunchStoryboardName = LaunchScreen;
				INFOPLIST_KEY_UIMainStoryboardFile = Main;
				INFOPLIST_KEY_UISupportedInterfaceOrientations_iPad = "UIInterfaceOrientationPortrait UIInterfaceOrientationPortraitUpsideDown UIInterfaceOrientationLandscapeLeft UIInterfaceOrientationLandscapeRight";
				INFOPLIST_KEY_UISupportedInterfaceOrientations_iPhone = "UIInterfaceOrientationPortrait UIInterfaceOrientationLandscapeLeft UIInterfaceOrientationLandscapeRight";
				LD_RUNPATH_SEARCH_PATHS = (
					"$(inherited)",
					"@executable_path/Frameworks",
				);
				MARKETING_VERSION = 1.0;
				PRODUCT_BUNDLE_IDENTIFIER = com.julienshim.QuizzlerMC;
				PRODUCT_NAME = "$(TARGET_NAME)";
				SWIFT_EMIT_LOC_STRINGS = YES;
				SWIFT_VERSION = 5.0;
				TARGETED_DEVICE_FAMILY = "1,2";
			};
			name = Release;
		};
/* End XCBuildConfiguration section */

/* Begin XCConfigurationList section */
		CC9B1216280F76350016FE4E /* Build configuration list for PBXProject "QuizzlerMC" */ = {
			isa = XCConfigurationList;
			buildConfigurations = (
				CC9B122D280F76360016FE4E /* Debug */,
				CC9B122E280F76360016FE4E /* Release */,
			);
			defaultConfigurationIsVisible = 0;
			defaultConfigurationName = Release;
		};
		CC9B122F280F76360016FE4E /* Build configuration list for PBXNativeTarget "QuizzlerMC" */ = {
			isa = XCConfigurationList;
			buildConfigurations = (
				CC9B1230280F76360016FE4E /* Debug */,
				CC9B1231280F76360016FE4E /* Release */,
			);
			defaultConfigurationIsVisible = 0;
			defaultConfigurationName = Release;
		};
/* End XCConfigurationList section */
	};
	rootObject = CC9B1213280F76350016FE4E /* Project object */;
}
